
Microsoft Visual Studio Solution File, Format Version 12.00
# Visual Studio Version 17
VisualStudioVersion = 17.9.34622.214
MinimumVisualStudioVersion = 10.0.40219.1
Project("{9A19103F-16F7-4668-BE54-9A1E7A4F7556}") = "WpfToolsCoding", "WpfToolsCoding.csproj", "{FF804107-A718-44AD-B6D8-A73D3B43923A}"
EndProject
Project("{2150E333-8FDC-42A3-9474-1A3956D46DE8}") = "Enums", "Enums", "{DE7CB4E0-F5F5-4BE2-A2AE-76FD5E3AAFD6}"
EndProject
Global
	GlobalSection(SolutionConfigurationPlatforms) = preSolution
		Debug|Any CPU = Debug|Any CPU
		Release|Any CPU = Release|Any CPU
	EndGlobalSection
	GlobalSection(ProjectConfigurationPlatforms) = postSolution
		{FF804107-A718-44AD-B6D8-A73D3B43923A}.Debug|Any CPU.ActiveCfg = Debug|Any CPU
		{FF804107-A718-44AD-B6D8-A73D3B43923A}.Debug|Any CPU.Build.0 = Debug|Any CPU
		{FF804107-A718-44AD-B6D8-A73D3B43923A}.Release|Any CPU.ActiveCfg = Release|Any CPU
		{FF804107-A718-44AD-B6D8-A73D3B43923A}.Release|Any CPU.Build.0 = Release|Any CPU
	EndGlobalSection
	GlobalSection(SolutionProperties) = preSolution
		HideSolutionNode = FALSE
	EndGlobalSection
	GlobalSection(ExtensibilityGlobals) = postSolution
		SolutionGuid = {8DA3C107-A0DA-48B4-AB90-078DAE696A5B}
	EndGlobalSection
EndGlobal
